// !$*UTF8*$!
{
	archiveVersion = 1;
	classes = {
	};
	objectVersion = 46;
	objects = {

/* Begin PBXBuildFile section */
		A07AA5391E384D2F00026BCF /* AppDelegate.swift in Sources */ = {isa = PBXBuildFile; fileRef = A07AA5381E384D2F00026BCF /* AppDelegate.swift */; };
		A07AA53B1E384D2F00026BCF /* ViewController.swift in Sources */ = {isa = PBXBuildFile; fileRef = A07AA53A1E384D2F00026BCF /* ViewController.swift */; };
		A07AA53E1E384D2F00026BCF /* Main.storyboard in Resources */ = {isa = PBXBuildFile; fileRef = A07AA53C1E384D2F00026BCF /* Main.storyboard */; };
		A07AA5401E384D2F00026BCF /* Assets.xcassets in Resources */ = {isa = PBXBuildFile; fileRef = A07AA53F1E384D2F00026BCF /* Assets.xcassets */; };
		A07AA5431E384D2F00026BCF /* LaunchScreen.storyboard in Resources */ = {isa = PBXBuildFile; fileRef = A07AA5411E384D2F00026BCF /* LaunchScreen.storyboard */; };
/* End PBXBuildFile section */

/* Begin PBXFileReference section */
		A07AA5351E384D2F00026BCF /* PagetheScroll.app */ = {isa = PBXFileReference; explicitFileType = wrapper.application; includeInIndex = 0; path = PagetheScroll.app; sourceTree = BUILT_PRODUCTS_DIR; };
		A07AA5381E384D2F00026BCF /* AppDelegate.swift */ = {isa = PBXFileReference; lastKnownFileType = sourcecode.swift; path = AppDelegate.swift; sourceTree = "<group>"; };
		A07AA53A1E384D2F00026BCF /* ViewController.swift */ = {isa = PBXFileReference; lastKnownFileType = sourcecode.swift; path = ViewController.swift; sourceTree = "<group>"; };
		A07AA53D1E384D2F00026BCF /* Base */ = {isa = PBXFileReference; lastKnownFileType = file.storyboard; name = Base; path = Base.lproj/Main.storyboard; sourceTree = "<group>"; };
		A07AA53F1E384D2F00026BCF /* Assets.xcassets */ = {isa = PBXFileReference; lastKnownFileType = folder.assetcatalog; path = Assets.xcassets; sourceTree = "<group>"; };
		A07AA5421E384D2F00026BCF /* Base */ = {isa = PBXFileReference; lastKnownFileType = file.storyboard; name = Base; path = Base.lproj/LaunchScreen.storyboard; sourceTree = "<group>"; };
		A07AA5441E384D2F00026BCF /* Info.plist */ = {isa = PBXFileReference; lastKnownFileType = text.plist.xml; path = Info.plist; sourceTree = "<group>"; };
/* End PBXFileReference section */

/* Begin PBXFrameworksBuildPhase section */
		A07AA5321E384D2E00026BCF /* Frameworks */ = {
			isa = PBXFrameworksBuildPhase;
			buildActionMask = 2147483647;
			files = (
			);
			runOnlyForDeploymentPostprocessing = 0;
		};
/* End PBXFrameworksBuildPhase section */

/* Begin PBXGroup section */
		A07AA52C1E384D2E00026BCF = {
			isa = PBXGroup;
			children = (
				A07AA5371E384D2F00026BCF /* PagetheScroll */,
				A07AA5361E384D2F00026BCF /* Products */,
			);
			sourceTree = "<group>";
		};
		A07AA5361E384D2F00026BCF /* Products */ = {
			isa = PBXGroup;
			children = (
				A07AA5351E384D2F00026BCF /* PagetheScroll.app */,
			);
			name = Products;
			sourceTree = "<group>";
		};
		A07AA5371E384D2F00026BCF /* PagetheScroll */ = {
			isa = PBXGroup;
			children = (
				A07AA5381E384D2F00026BCF /* AppDelegate.swift */,
				A07AA53A1E384D2F00026BCF /* ViewController.swift */,
				A07AA53C1E384D2F00026BCF /* Main.storyboard */,
				A07AA53F1E384D2F00026BCF /* Assets.xcassets */,
				A07AA5411E384D2F00026BCF /* LaunchScreen.storyboard */,
				A07AA5441E384D2F00026BCF /* Info.plist */,
			);
			path = PagetheScroll;
			sourceTree = "<group>";
		};
/* End PBXGroup section */

/* Begin PBXNativeTarget section */
		A07AA5341E384D2E00026BCF /* PagetheScroll */ = {
			isa = PBXNativeTarget;
			buildConfigurationList = A07AA5471E384D2F00026BCF /* Build configuration list for PBXNativeTarget "PagetheScroll" */;
			buildPhases = (
				A07AA5311E384D2E00026BCF /* Sources */,
				A07AA5321E384D2E00026BCF /* Frameworks */,
				A07AA5331E384D2E00026BCF /* Resources */,
			);
			buildRules = (
			);
			dependencies = (
			);
			name = PagetheScroll;
			productName = PagetheScroll;
			productReference = A07AA5351E384D2F00026BCF /* PagetheScroll.app */;
			productType = "com.apple.product-type.application";
		};
/* End PBXNativeTarget section */

/* Begin PBXProject section */
		A07AA52D1E384D2E00026BCF /* Project object */ = {
			isa = PBXProject;
			attributes = {
				LastSwiftUpdateCheck = 0820;
				LastUpgradeCheck = 0820;
				ORGANIZATIONNAME = BoriLabs;
				TargetAttributes = {
					A07AA5341E384D2E00026BCF = {
						CreatedOnToolsVersion = 8.2.1;
						ProvisioningStyle = Automatic;
					};
				};
			};
			buildConfigurationList = A07AA5301E384D2E00026BCF /* Build configuration list for PBXProject "PagetheScroll" */;
			compatibilityVersion = "Xcode 3.2";
			developmentRegion = English;
			hasScannedForEncodings = 0;
			knownRegions = (
				en,
				Base,
			);
			mainGroup = A07AA52C1E384D2E00026BCF;
			productRefGroup = A07AA5361E384D2F00026BCF /* Products */;
			projectDirPath = "";
			projectRoot = "";
			targets = (
				A07AA5341E384D2E00026BCF /* PagetheScroll */,
			);
		};
/* End PBXProject section */

/* Begin PBXResourcesBuildPhase section */
		A07AA5331E384D2E00026BCF /* Resources */ = {
			isa = PBXResourcesBuildPhase;
			buildActionMask = 2147483647;
			files = (
				A07AA5431E384D2F00026BCF /* LaunchScreen.storyboard in Resources */,
				A07AA5401E384D2F00026BCF /* Assets.xcassets in Resources */,
				A07AA53E1E384D2F00026BCF /* Main.storyboard in Resources */,
			);
			runOnlyForDeploymentPostprocessing = 0;
		};
/* End PBXResourcesBuildPhase section */

/* Begin PBXSourcesBuildPhase section */
		A07AA5311E384D2E00026BCF /* Sources */ = {
			isa = PBXSourcesBuildPhase;
			buildActionMask = 2147483647;
			files = (
				A07AA53B1E384D2F00026BCF /* ViewController.swift in Sources */,
				A07AA5391E384D2F00026BCF /* AppDelegate.swift in Sources */,
			);
			runOnlyForDeploymentPostprocessing = 0;
		};
/* End PBXSourcesBuildPhase section */

/* Begin PBXVariantGroup section */
		A07AA53C1E384D2F00026BCF /* Main.storyboard */ = {
			isa = PBXVariantGroup;
			children = (
				A07AA53D1E384D2F00026BCF /* Base */,
			);
			name = Main.storyboard;
			sourceTree = "<group>";
		};
		A07AA5411E384D2F00026BCF /* LaunchScreen.storyboard */ = {
			isa = PBXVariantGroup;
			children = (
				A07AA5421E384D2F00026BCF /* Base */,
			);
			name = LaunchScreen.storyboard;
			sourceTree = "<group>";
		};
/* End PBXVariantGroup section */

/* Begin XCBuildConfiguration section */
		A07AA5451E384D2F00026BCF /* Debug */ = {
			isa = XCBuildConfiguration;
			buildSettings = {
				ALWAYS_SEARCH_USER_PATHS = NO;
				CLANG_ANALYZER_NONNULL = YES;
				CLANG_CXX_LANGUAGE_STANDARD = "gnu++0x";
				CLANG_CXX_LIBRARY = "libc++";
				CLANG_ENABLE_MODULES = YES;
				CLANG_ENABLE_OBJC_ARC = YES;
				CLANG_WARN_BOOL_CONVERSION = YES;
				CLANG_WARN_CONSTANT_CONVERSION = YES;
				CLANG_WARN_DIRECT_OBJC_ISA_USAGE = YES_ERROR;
				CLANG_WARN_DOCUMENTATION_COMMENTS = YES;
				CLANG_WARN_EMPTY_BODY = YES;
				CLANG_WARN_ENUM_CONVERSION = YES;
				CLANG_WARN_INFINITE_RECURSION = YES;
				CLANG_WARN_INT_CONVERSION = YES;
				CLANG_WARN_OBJC_ROOT_CLASS = YES_ERROR;
				CLANG_WARN_SUSPICIOUS_MOVE = YES;
				CLANG_WARN_UNREACHABLE_CODE = YES;
				CLANG_WARN__DUPLICATE_METHOD_MATCH = YES;
				"CODE_SIGN_IDENTITY[sdk=iphoneos*]" = "iPhone Developer";
				COPY_PHASE_STRIP = NO;
				DEBUG_INFORMATION_FORMAT = dwarf;
				ENABLE_STRICT_OBJC_MSGSEND = YES;
				ENABLE_TESTABILITY = YES;
				GCC_C_LANGUAGE_STANDARD = gnu99;
				GCC_DYNAMIC_NO_PIC = NO;
				GCC_NO_COMMON_BLOCKS = YES;
				GCC_OPTIMIZATION_LEVEL = 0;
				GCC_PREPROCESSOR_DEFINITIONS = (
					"DEBUG=1",
					"$(inherited)",
				);
				GCC_WARN_64_TO_32_BIT_CONVERSION = YES;
				GCC_WARN_ABOUT_RETURN_TYPE = YES_ERROR;
				GCC_WARN_UNDECLARED_SELECTOR = YES;
				GCC_WARN_UNINITIALIZED_AUTOS = YES_AGGRESSIVE;
				GCC_WARN_UNUSED_FUNCTION = YES;
				GCC_WARN_UNUSED_VARIABLE = YES;
				IPHONEOS_DEPLOYMENT_TARGET = 10.2;
				MTL_ENABLE_DEBUG_INFO = YES;
				ONLY_ACTIVE_ARCH = YES;
				SDKROOT = iphoneos;
				SWIFT_ACTIVE_COMPILATION_CONDITIONS = DEBUG;
				SWIFT_OPTIMIZATION_LEVEL = "-Onone";
				TARGETED_DEVICE_FAMILY = "1,2";
			};
			name = Debug;
		};
		A07AA5461E384D2F00026BCF /* Release */ = {
			isa = XCBuildConfiguration;
			buildSettings = {
				ALWAYS_SEARCH_USER_PATHS = NO;
				CLANG_ANALYZER_NONNULL = YES;
				CLANG_CXX_LANGUAGE_STANDARD = "gnu++0x";
				CLANG_CXX_LIBRARY = "libc++";
				CLANG_ENABLE_MODULES = YES;
				CLANG_ENABLE_OBJC_ARC = YES;
				CLANG_WARN_BOOL_CONVERSION = YES;
				CLANG_WARN_CONSTANT_CONVERSION = YES;
				CLANG_WARN_DIRECT_OBJC_ISA_USAGE = YES_ERROR;
				CLANG_WARN_DOCUMENTATION_COMMENTS = YES;
				CLANG_WARN_EMPTY_BODY = YES;
				CLANG_WARN_ENUM_CONVERSION = YES;
				CLANG_WARN_INFINITE_RECURSION = YES;
				CLANG_WARN_INT_CONVERSION = YES;
				CLANG_WARN_OBJC_ROOT_CLASS = YES_ERROR;
				CLANG_WARN_SUSPICIOUS_MOVE = YES;
				CLANG_WARN_UNREACHABLE_CODE = YES;
				CLANG_WARN__DUPLICATE_METHOD_MATCH = YES;
				"CODE_SIGN_IDENTITY[sdk=iphoneos*]" = "iPhone Developer";
				COPY_PHASE_STRIP = NO;
				DEBUG_INFORMATION_FORMAT = "dwarf-with-dsym";
				ENABLE_NS_ASSERTIONS = NO;
				ENABLE_STRICT_OBJC_MSGSEND = YES;
				GCC_C_LANGUAGE_STANDARD = gnu99;
				GCC_NO_COMMON_BLOCKS = YES;
				GCC_WARN_64_TO_32_BIT_CONVERSION = YES;
				GCC_WARN_ABOUT_RETURN_TYPE = YES_ERROR;
				GCC_WARN_UNDECLARED_SELECTOR = YES;
				GCC_WARN_UNINITIALIZED_AUTOS = YES_AGGRESSIVE;
				GCC_WARN_UNUSED_FUNCTION = YES;
				GCC_WARN_UNUSED_VARIABLE = YES;
				IPHONEOS_DEPLOYMENT_TARGET = 10.2;
				MTL_ENABLE_DEBUG_INFO = NO;
				SDKROOT = iphoneos;
				SWIFT_OPTIMIZATION_LEVEL = "-Owholemodule";
				TARGETED_DEVICE_FAMILY = "1,2";
				VALIDATE_PRODUCT = YES;
			};
			name = Release;
		};
		A07AA5481E384D2F00026BCF /* Debug */ = {
			isa = XCBuildConfiguration;
			buildSettings = {
				ASSETCATALOG_COMPILER_APPICON_NAME = AppIcon;
				INFOPLIST_FILE = PagetheScroll/Info.plist;
				LD_RUNPATH_SEARCH_PATHS = "$(inherited) @executable_path/Frameworks";
				PRODUCT_BUNDLE_IDENTIFIER = com.BoriLabs.PagetheScroll;
				PRODUCT_NAME = "$(TARGET_NAME)";
				SWIFT_VERSION = 3.0;
			};
			name = Debug;
		};
		A07AA5491E384D2F00026BCF /* Release */ = {
			isa = XCBuildConfiguration;
			buildSettings = {
				ASSETCATALOG_COMPILER_APPICON_NAME = AppIcon;
				INFOPLIST_FILE = PagetheScroll/Info.plist;
				LD_RUNPATH_SEARCH_PATHS = "$(inherited) @executable_path/Frameworks";
				PRODUCT_BUNDLE_IDENTIFIER = com.BoriLabs.PagetheScroll;
				PRODUCT_NAME = "$(TARGET_NAME)";
				SWIFT_VERSION = 3.0;
			};
			name = Release;
		};
/* End XCBuildConfiguration section */

/* Begin XCConfigurationList section */
		A07AA5301E384D2E00026BCF /* Build configuration list for PBXProject "PagetheScroll" */ = {
			isa = XCConfigurationList;
			buildConfigurations = (
				A07AA5451E384D2F00026BCF /* Debug */,
				A07AA5461E384D2F00026BCF /* Release */,
			);
			defaultConfigurationIsVisible = 0;
			defaultConfigurationName = Release;
		};
		A07AA5471E384D2F00026BCF /* Build configuration list for PBXNativeTarget "PagetheScroll" */ = {
			isa = XCConfigurationList;
			buildConfigurations = (
				A07AA5481E384D2F00026BCF /* Debug */,
				A07AA5491E384D2F00026BCF /* Release */,
			);
			defaultConfigurationIsVisible = 0;
		};
/* End XCConfigurationList section */
	};
	rootObject = A07AA52D1E384D2E00026BCF /* Project object */;
}
